
Microsoft Visual Studio Solution File, Format Version 12.00
# Visual Studio 15
VisualStudioVersion = 15.0.26430.12
MinimumVisualStudioVersion = 10.0.40219.1
Project("{FAE04EC0-301F-11D3-BF4B-00C04F79EFBC}") = "WhereShop3", "WhereShop3\WhereShop3\WhereShop3.csproj", "{0A17762E-02B2-4C92-AEF7-CD141B5E2610}"
EndProject
Project("{FAE04EC0-301F-11D3-BF4B-00C04F79EFBC}") = "WhereShop3.Android", "WhereShop3\WhereShop3.Android\WhereShop3.Android.csproj", "{1C1EBAD3-5996-469B-8B94-B57EB790C4A2}"
EndProject
Project("{FAE04EC0-301F-11D3-BF4B-00C04F79EFBC}") = "WhereShop3.iOS", "WhereShop3\WhereShop3.iOS\WhereShop3.iOS.csproj", "{8110CBA9-4080-48E1-BA7C-3CD8B4B1BDC3}"
EndProject
Project("{FAE04EC0-301F-11D3-BF4B-00C04F79EFBC}") = "WhereShop3.UWP", "WhereShop3\WhereShop3.UWP\WhereShop3.UWP.csproj", "{6C884B9F-8B2F-4FE8-AE8B-92087544B49A}"
EndProject
Project("{FAE04EC0-301F-11D3-BF4B-00C04F79EFBC}") = "WhereShop3.MobileAppService", "WhereShop3\WhereShop3.MobileAppService\WhereShop3.MobileAppService.csproj", "{AADBE01C-141D-48AC-918C-D742FCA29699}"
EndProject
Global
	GlobalSection(SolutionConfigurationPlatforms) = preSolution
		Debug|Any CPU = Debug|Any CPU
		Debug|ARM = Debug|ARM
		Debug|iPhone = Debug|iPhone
		Debug|iPhoneSimulator = Debug|iPhoneSimulator
		Debug|x64 = Debug|x64
		Debug|x86 = Debug|x86
		Release|Any CPU = Release|Any CPU
		Release|ARM = Release|ARM
		Release|iPhone = Release|iPhone
		Release|iPhoneSimulator = Release|iPhoneSimulator
		Release|x64 = Release|x64
		Release|x86 = Release|x86
	EndGlobalSection
	GlobalSection(ProjectConfigurationPlatforms) = postSolution
		{0A17762E-02B2-4C92-AEF7-CD141B5E2610}.Debug|Any CPU.ActiveCfg = Debug|Any CPU
		{0A17762E-02B2-4C92-AEF7-CD141B5E2610}.Debug|Any CPU.Build.0 = Debug|Any CPU
		{0A17762E-02B2-4C92-AEF7-CD141B5E2610}.Debug|ARM.ActiveCfg = Debug|Any CPU
		{0A17762E-02B2-4C92-AEF7-CD141B5E2610}.Debug|ARM.Build.0 = Debug|Any CPU
		{0A17762E-02B2-4C92-AEF7-CD141B5E2610}.Debug|iPhone.ActiveCfg = Debug|Any CPU
		{0A17762E-02B2-4C92-AEF7-CD141B5E2610}.Debug|iPhone.Build.0 = Debug|Any CPU
		{0A17762E-02B2-4C92-AEF7-CD141B5E2610}.Debug|iPhoneSimulator.ActiveCfg = Debug|Any CPU
		{0A17762E-02B2-4C92-AEF7-CD141B5E2610}.Debug|iPhoneSimulator.Build.0 = Debug|Any CPU
		{0A17762E-02B2-4C92-AEF7-CD141B5E2610}.Debug|x64.ActiveCfg = Debug|Any CPU
		{0A17762E-02B2-4C92-AEF7-CD141B5E2610}.Debug|x64.Build.0 = Debug|Any CPU
		{0A17762E-02B2-4C92-AEF7-CD141B5E2610}.Debug|x86.ActiveCfg = Debug|Any CPU
		{0A17762E-02B2-4C92-AEF7-CD141B5E2610}.Debug|x86.Build.0 = Debug|Any CPU
		{0A17762E-02B2-4C92-AEF7-CD141B5E2610}.Release|Any CPU.ActiveCfg = Release|Any CPU
		{0A17762E-02B2-4C92-AEF7-CD141B5E2610}.Release|Any CPU.Build.0 = Release|Any CPU
		{0A17762E-02B2-4C92-AEF7-CD141B5E2610}.Release|ARM.ActiveCfg = Release|Any CPU
		{0A17762E-02B2-4C92-AEF7-CD141B5E2610}.Release|ARM.Build.0 = Release|Any CPU
		{0A17762E-02B2-4C92-AEF7-CD141B5E2610}.Release|iPhone.ActiveCfg = Release|Any CPU
		{0A17762E-02B2-4C92-AEF7-CD141B5E2610}.Release|iPhone.Build.0 = Release|Any CPU
		{0A17762E-02B2-4C92-AEF7-CD141B5E2610}.Release|iPhoneSimulator.ActiveCfg = Release|Any CPU
		{0A17762E-02B2-4C92-AEF7-CD141B5E2610}.Release|iPhoneSimulator.Build.0 = Release|Any CPU
		{0A17762E-02B2-4C92-AEF7-CD141B5E2610}.Release|x64.ActiveCfg = Release|Any CPU
		{0A17762E-02B2-4C92-AEF7-CD141B5E2610}.Release|x64.Build.0 = Release|Any CPU
		{0A17762E-02B2-4C92-AEF7-CD141B5E2610}.Release|x86.ActiveCfg = Release|Any CPU
		{0A17762E-02B2-4C92-AEF7-CD141B5E2610}.Release|x86.Build.0 = Release|Any CPU
		{1C1EBAD3-5996-469B-8B94-B57EB790C4A2}.Debug|Any CPU.ActiveCfg = Debug|Any CPU
		{1C1EBAD3-5996-469B-8B94-B57EB790C4A2}.Debug|Any CPU.Build.0 = Debug|Any CPU
		{1C1EBAD3-5996-469B-8B94-B57EB790C4A2}.Debug|Any CPU.Deploy.0 = Debug|Any CPU
		{1C1EBAD3-5996-469B-8B94-B57EB790C4A2}.Debug|ARM.ActiveCfg = Debug|Any CPU
		{1C1EBAD3-5996-469B-8B94-B57EB790C4A2}.Debug|ARM.Build.0 = Debug|Any CPU
		{1C1EBAD3-5996-469B-8B94-B57EB790C4A2}.Debug|ARM.Deploy.0 = Debug|Any CPU
		{1C1EBAD3-5996-469B-8B94-B57EB790C4A2}.Debug|iPhone.ActiveCfg = Debug|Any CPU
		{1C1EBAD3-5996-469B-8B94-B57EB790C4A2}.Debug|iPhone.Build.0 = Debug|Any CPU
		{1C1EBAD3-5996-469B-8B94-B57EB790C4A2}.Debug|iPhone.Deploy.0 = Debug|Any CPU
		{1C1EBAD3-5996-469B-8B94-B57EB790C4A2}.Debug|iPhoneSimulator.ActiveCfg = Debug|Any CPU
		{1C1EBAD3-5996-469B-8B94-B57EB790C4A2}.Debug|iPhoneSimulator.Build.0 = Debug|Any CPU
		{1C1EBAD3-5996-469B-8B94-B57EB790C4A2}.Debug|iPhoneSimulator.Deploy.0 = Debug|Any CPU
		{1C1EBAD3-5996-469B-8B94-B57EB790C4A2}.Debug|x64.ActiveCfg = Debug|Any CPU
		{1C1EBAD3-5996-469B-8B94-B57EB790C4A2}.Debug|x64.Build.0 = Debug|Any CPU
		{1C1EBAD3-5996-469B-8B94-B57EB790C4A2}.Debug|x64.Deploy.0 = Debug|Any CPU
		{1C1EBAD3-5996-469B-8B94-B57EB790C4A2}.Debug|x86.ActiveCfg = Debug|Any CPU
		{1C1EBAD3-5996-469B-8B94-B57EB790C4A2}.Debug|x86.Build.0 = Debug|Any CPU
		{1C1EBAD3-5996-469B-8B94-B57EB790C4A2}.Debug|x86.Deploy.0 = Debug|Any CPU
		{1C1EBAD3-5996-469B-8B94-B57EB790C4A2}.Release|Any CPU.ActiveCfg = Release|Any CPU
		{1C1EBAD3-5996-469B-8B94-B57EB790C4A2}.Release|Any CPU.Build.0 = Release|Any CPU
		{1C1EBAD3-5996-469B-8B94-B57EB790C4A2}.Release|Any CPU.Deploy.0 = Release|Any CPU
		{1C1EBAD3-5996-469B-8B94-B57EB790C4A2}.Release|ARM.ActiveCfg = Release|Any CPU
		{1C1EBAD3-5996-469B-8B94-B57EB790C4A2}.Release|ARM.Build.0 = Release|Any CPU
		{1C1EBAD3-5996-469B-8B94-B57EB790C4A2}.Release|ARM.Deploy.0 = Release|Any CPU
		{1C1EBAD3-5996-469B-8B94-B57EB790C4A2}.Release|iPhone.ActiveCfg = Release|Any CPU
		{1C1EBAD3-5996-469B-8B94-B57EB790C4A2}.Release|iPhone.Build.0 = Release|Any CPU
		{1C1EBAD3-5996-469B-8B94-B57EB790C4A2}.Release|iPhone.Deploy.0 = Release|Any CPU
		{1C1EBAD3-5996-469B-8B94-B57EB790C4A2}.Release|iPhoneSimulator.ActiveCfg = Release|Any CPU
		{1C1EBAD3-5996-469B-8B94-B57EB790C4A2}.Release|iPhoneSimulator.Build.0 = Release|Any CPU
		{1C1EBAD3-5996-469B-8B94-B57EB790C4A2}.Release|iPhoneSimulator.Deploy.0 = Release|Any CPU
		{1C1EBAD3-5996-469B-8B94-B57EB790C4A2}.Release|x64.ActiveCfg = Release|Any CPU
		{1C1EBAD3-5996-469B-8B94-B57EB790C4A2}.Release|x64.Build.0 = Release|Any CPU
		{1C1EBAD3-5996-469B-8B94-B57EB790C4A2}.Release|x64.Deploy.0 = Release|Any CPU
		{1C1EBAD3-5996-469B-8B94-B57EB790C4A2}.Release|x86.ActiveCfg = Release|Any CPU
		{1C1EBAD3-5996-469B-8B94-B57EB790C4A2}.Release|x86.Build.0 = Release|Any CPU
		{1C1EBAD3-5996-469B-8B94-B57EB790C4A2}.Release|x86.Deploy.0 = Release|Any CPU
		{8110CBA9-4080-48E1-BA7C-3CD8B4B1BDC3}.Debug|Any CPU.ActiveCfg = Debug|iPhone
		{8110CBA9-4080-48E1-BA7C-3CD8B4B1BDC3}.Debug|Any CPU.Build.0 = Debug|iPhone
		{8110CBA9-4080-48E1-BA7C-3CD8B4B1BDC3}.Debug|ARM.ActiveCfg = Debug|iPhone
		{8110CBA9-4080-48E1-BA7C-3CD8B4B1BDC3}.Debug|iPhone.ActiveCfg = Debug|iPhone
		{8110CBA9-4080-48E1-BA7C-3CD8B4B1BDC3}.Debug|iPhone.Build.0 = Debug|iPhone
		{8110CBA9-4080-48E1-BA7C-3CD8B4B1BDC3}.Debug|iPhoneSimulator.ActiveCfg = Debug|iPhoneSimulator
		{8110CBA9-4080-48E1-BA7C-3CD8B4B1BDC3}.Debug|iPhoneSimulator.Build.0 = Debug|iPhoneSimulator
		{8110CBA9-4080-48E1-BA7C-3CD8B4B1BDC3}.Debug|x64.ActiveCfg = Debug|iPhone
		{8110CBA9-4080-48E1-BA7C-3CD8B4B1BDC3}.Debug|x86.ActiveCfg = Debug|iPhone
		{8110CBA9-4080-48E1-BA7C-3CD8B4B1BDC3}.Release|Any CPU.ActiveCfg = Release|iPhone
		{8110CBA9-4080-48E1-BA7C-3CD8B4B1BDC3}.Release|ARM.ActiveCfg = Release|iPhone
		{8110CBA9-4080-48E1-BA7C-3CD8B4B1BDC3}.Release|iPhone.ActiveCfg = Release|iPhone
		{8110CBA9-4080-48E1-BA7C-3CD8B4B1BDC3}.Release|iPhone.Build.0 = Release|iPhone
		{8110CBA9-4080-48E1-BA7C-3CD8B4B1BDC3}.Release|iPhoneSimulator.ActiveCfg = Release|iPhoneSimulator
		{8110CBA9-4080-48E1-BA7C-3CD8B4B1BDC3}.Release|iPhoneSimulator.Build.0 = Release|iPhoneSimulator
		{8110CBA9-4080-48E1-BA7C-3CD8B4B1BDC3}.Release|x64.ActiveCfg = Release|iPhone
		{8110CBA9-4080-48E1-BA7C-3CD8B4B1BDC3}.Release|x86.ActiveCfg = Release|iPhone
		{6C884B9F-8B2F-4FE8-AE8B-92087544B49A}.Debug|Any CPU.ActiveCfg = Debug|x86
		{6C884B9F-8B2F-4FE8-AE8B-92087544B49A}.Debug|Any CPU.Build.0 = Debug|x86
		{6C884B9F-8B2F-4FE8-AE8B-92087544B49A}.Debug|ARM.ActiveCfg = Debug|ARM
		{6C884B9F-8B2F-4FE8-AE8B-92087544B49A}.Debug|ARM.Build.0 = Debug|ARM
		{6C884B9F-8B2F-4FE8-AE8B-92087544B49A}.Debug|ARM.Deploy.0 = Debug|ARM
		{6C884B9F-8B2F-4FE8-AE8B-92087544B49A}.Debug|iPhone.ActiveCfg = Debug|x86
		{6C884B9F-8B2F-4FE8-AE8B-92087544B49A}.Debug|iPhoneSimulator.ActiveCfg = Debug|x86
		{6C884B9F-8B2F-4FE8-AE8B-92087544B49A}.Debug|x64.ActiveCfg = Debug|x64
		{6C884B9F-8B2F-4FE8-AE8B-92087544B49A}.Debug|x64.Build.0 = Debug|x64
		{6C884B9F-8B2F-4FE8-AE8B-92087544B49A}.Debug|x64.Deploy.0 = Debug|x64
		{6C884B9F-8B2F-4FE8-AE8B-92087544B49A}.Debug|x86.ActiveCfg = Debug|x86
		{6C884B9F-8B2F-4FE8-AE8B-92087544B49A}.Debug|x86.Build.0 = Debug|x86
		{6C884B9F-8B2F-4FE8-AE8B-92087544B49A}.Debug|x86.Deploy.0 = Debug|x86
		{6C884B9F-8B2F-4FE8-AE8B-92087544B49A}.Release|Any CPU.ActiveCfg = Release|x86
		{6C884B9F-8B2F-4FE8-AE8B-92087544B49A}.Release|ARM.ActiveCfg = Release|ARM
		{6C884B9F-8B2F-4FE8-AE8B-92087544B49A}.Release|ARM.Build.0 = Release|ARM
		{6C884B9F-8B2F-4FE8-AE8B-92087544B49A}.Release|ARM.Deploy.0 = Release|ARM
		{6C884B9F-8B2F-4FE8-AE8B-92087544B49A}.Release|iPhone.ActiveCfg = Release|x86
		{6C884B9F-8B2F-4FE8-AE8B-92087544B49A}.Release|iPhoneSimulator.ActiveCfg = Release|x86
		{6C884B9F-8B2F-4FE8-AE8B-92087544B49A}.Release|x64.ActiveCfg = Release|x64
		{6C884B9F-8B2F-4FE8-AE8B-92087544B49A}.Release|x64.Build.0 = Release|x64
		{6C884B9F-8B2F-4FE8-AE8B-92087544B49A}.Release|x64.Deploy.0 = Release|x64
		{6C884B9F-8B2F-4FE8-AE8B-92087544B49A}.Release|x86.ActiveCfg = Release|x86
		{6C884B9F-8B2F-4FE8-AE8B-92087544B49A}.Release|x86.Build.0 = Release|x86
		{6C884B9F-8B2F-4FE8-AE8B-92087544B49A}.Release|x86.Deploy.0 = Release|x86
		{AADBE01C-141D-48AC-918C-D742FCA29699}.Debug|Any CPU.ActiveCfg = Debug|Any CPU
		{AADBE01C-141D-48AC-918C-D742FCA29699}.Debug|Any CPU.Build.0 = Debug|Any CPU
		{AADBE01C-141D-48AC-918C-D742FCA29699}.Debug|ARM.ActiveCfg = Debug|Any CPU
		{AADBE01C-141D-48AC-918C-D742FCA29699}.Debug|ARM.Build.0 = Debug|Any CPU
		{AADBE01C-141D-48AC-918C-D742FCA29699}.Debug|iPhone.ActiveCfg = Debug|Any CPU
		{AADBE01C-141D-48AC-918C-D742FCA29699}.Debug|iPhone.Build.0 = Debug|Any CPU
		{AADBE01C-141D-48AC-918C-D742FCA29699}.Debug|iPhoneSimulator.ActiveCfg = Debug|Any CPU
		{AADBE01C-141D-48AC-918C-D742FCA29699}.Debug|iPhoneSimulator.Build.0 = Debug|Any CPU
		{AADBE01C-141D-48AC-918C-D742FCA29699}.Debug|x64.ActiveCfg = Debug|Any CPU
		{AADBE01C-141D-48AC-918C-D742FCA29699}.Debug|x64.Build.0 = Debug|Any CPU
		{AADBE01C-141D-48AC-918C-D742FCA29699}.Debug|x86.ActiveCfg = Debug|Any CPU
		{AADBE01C-141D-48AC-918C-D742FCA29699}.Debug|x86.Build.0 = Debug|Any CPU
		{AADBE01C-141D-48AC-918C-D742FCA29699}.Release|Any CPU.ActiveCfg = Release|Any CPU
		{AADBE01C-141D-48AC-918C-D742FCA29699}.Release|Any CPU.Build.0 = Release|Any CPU
		{AADBE01C-141D-48AC-918C-D742FCA29699}.Release|ARM.ActiveCfg = Release|Any CPU
		{AADBE01C-141D-48AC-918C-D742FCA29699}.Release|ARM.Build.0 = Release|Any CPU
		{AADBE01C-141D-48AC-918C-D742FCA29699}.Release|iPhone.ActiveCfg = Release|Any CPU
		{AADBE01C-141D-48AC-918C-D742FCA29699}.Release|iPhone.Build.0 = Release|Any CPU
		{AADBE01C-141D-48AC-918C-D742FCA29699}.Release|iPhoneSimulator.ActiveCfg = Release|Any CPU
		{AADBE01C-141D-48AC-918C-D742FCA29699}.Release|iPhoneSimulator.Build.0 = Release|Any CPU
		{AADBE01C-141D-48AC-918C-D742FCA29699}.Release|x64.ActiveCfg = Release|Any CPU
		{AADBE01C-141D-48AC-918C-D742FCA29699}.Release|x64.Build.0 = Release|Any CPU
		{AADBE01C-141D-48AC-918C-D742FCA29699}.Release|x86.ActiveCfg = Release|Any CPU
		{AADBE01C-141D-48AC-918C-D742FCA29699}.Release|x86.Build.0 = Release|Any CPU
	EndGlobalSection
	GlobalSection(SolutionProperties) = preSolution
		HideSolutionNode = FALSE
	EndGlobalSection
EndGlobal
